
Microsoft Visual Studio Solution File, Format Version 12.00
# Visual Studio 15
VisualStudioVersion = 15.0.28307.1705
MinimumVisualStudioVersion = 10.0.40219.1
Project("{9A19103F-16F7-4668-BE54-9A1E7A4F7556}") = "API_NutCache", "API_NutCache\API_NutCache.csproj", "{8CD4FDD8-E1EF-442A-A693-E80137308B26}"
EndProject
Project("{FAE04EC0-301F-11D3-BF4B-00C04F79EFBC}") = "API_NutCache.DATA", "DATA\API_NutCache.DATA.csproj", "{6C3FE4DF-48F7-42A6-9CAF-AB120C4DE289}"
EndProject
Project("{9A19103F-16F7-4668-BE54-9A1E7A4F7556}") = "API_NutCache_Testes", "API_NutCache_Testes\API_NutCache_Testes.csproj", "{A9764859-2879-4A5A-904C-FD3A3A07FA68}"
EndProject
Global
	GlobalSection(SolutionConfigurationPlatforms) = preSolution
		Debug|Any CPU = Debug|Any CPU
		Release|Any CPU = Release|Any CPU
	EndGlobalSection
	GlobalSection(ProjectConfigurationPlatforms) = postSolution
		{8CD4FDD8-E1EF-442A-A693-E80137308B26}.Debug|Any CPU.ActiveCfg = Debug|Any CPU
		{8CD4FDD8-E1EF-442A-A693-E80137308B26}.Debug|Any CPU.Build.0 = Debug|Any CPU
		{8CD4FDD8-E1EF-442A-A693-E80137308B26}.Release|Any CPU.ActiveCfg = Release|Any CPU
		{8CD4FDD8-E1EF-442A-A693-E80137308B26}.Release|Any CPU.Build.0 = Release|Any CPU
		{6C3FE4DF-48F7-42A6-9CAF-AB120C4DE289}.Debug|Any CPU.ActiveCfg = Debug|Any CPU
		{6C3FE4DF-48F7-42A6-9CAF-AB120C4DE289}.Debug|Any CPU.Build.0 = Debug|Any CPU
		{6C3FE4DF-48F7-42A6-9CAF-AB120C4DE289}.Release|Any CPU.ActiveCfg = Release|Any CPU
		{6C3FE4DF-48F7-42A6-9CAF-AB120C4DE289}.Release|Any CPU.Build.0 = Release|Any CPU
		{A9764859-2879-4A5A-904C-FD3A3A07FA68}.Debug|Any CPU.ActiveCfg = Debug|Any CPU
		{A9764859-2879-4A5A-904C-FD3A3A07FA68}.Debug|Any CPU.Build.0 = Debug|Any CPU
		{A9764859-2879-4A5A-904C-FD3A3A07FA68}.Release|Any CPU.ActiveCfg = Release|Any CPU
		{A9764859-2879-4A5A-904C-FD3A3A07FA68}.Release|Any CPU.Build.0 = Release|Any CPU
	EndGlobalSection
	GlobalSection(SolutionProperties) = preSolution
		HideSolutionNode = FALSE
	EndGlobalSection
	GlobalSection(ExtensibilityGlobals) = postSolution
		SolutionGuid = {3457EE0E-0BF5-4159-A9FB-3F4C3841CACC}
	EndGlobalSection
EndGlobal
